// !$*UTF8*$!
{
	archiveVersion = 1;
	classes = {
	};
	objectVersion = 56;
	objects = {

/* Begin PBXBuildFile section */
		7E7385BC2A80965E0010CA32 /* AppDelegate.swift in Sources */ = {isa = PBXBuildFile; fileRef = 7E7385BB2A80965E0010CA32 /* AppDelegate.swift */; };
		7E7385BE2A80965E0010CA32 /* SceneDelegate.swift in Sources */ = {isa = PBXBuildFile; fileRef = 7E7385BD2A80965E0010CA32 /* SceneDelegate.swift */; };
		7E7385C02A80965E0010CA32 /* ViewController.swift in Sources */ = {isa = PBXBuildFile; fileRef = 7E7385BF2A80965E0010CA32 /* ViewController.swift */; };
		7E7385C32A80965E0010CA32 /* Main.storyboard in Resources */ = {isa = PBXBuildFile; fileRef = 7E7385C12A80965E0010CA32 /* Main.storyboard */; };
		7E7385C52A8096600010CA32 /* Assets.xcassets in Resources */ = {isa = PBXBuildFile; fileRef = 7E7385C42A8096600010CA32 /* Assets.xcassets */; };
		7E7385C82A8096600010CA32 /* LaunchScreen.storyboard in Resources */ = {isa = PBXBuildFile; fileRef = 7E7385C62A8096600010CA32 /* LaunchScreen.storyboard */; };
		7E7385D12A8096AE0010CA32 /* Alamofire in Frameworks */ = {isa = PBXBuildFile; productRef = 7E7385D02A8096AE0010CA32 /* Alamofire */; };
		7E7385D42A8096B90010CA32 /* SwiftyJSON in Frameworks */ = {isa = PBXBuildFile; productRef = 7E7385D32A8096B90010CA32 /* SwiftyJSON */; };
		7E7385D72A8096C50010CA32 /* Kingfisher in Frameworks */ = {isa = PBXBuildFile; productRef = 7E7385D62A8096C50010CA32 /* Kingfisher */; };
		7E7385D92A809BA00010CA32 /* .gitignore in Resources */ = {isa = PBXBuildFile; fileRef = 7E7385D82A809BA00010CA32 /* .gitignore */; };
		7E7385DB2A809C320010CA32 /* TranslationViewController.swift in Sources */ = {isa = PBXBuildFile; fileRef = 7E7385DA2A809C320010CA32 /* TranslationViewController.swift */; };
		7E7385DD2A809C560010CA32 /* APIKey.swift in Sources */ = {isa = PBXBuildFile; fileRef = 7E7385DC2A809C560010CA32 /* APIKey.swift */; };
		7EA0A8372A81C4D800CD10ED /* WeatherViewController.swift in Sources */ = {isa = PBXBuildFile; fileRef = 7EA0A8362A81C4D800CD10ED /* WeatherViewController.swift */; };
		7EA0A8392A81E78200CD10ED /* VideoViewController.swift in Sources */ = {isa = PBXBuildFile; fileRef = 7EA0A8382A81E78200CD10ED /* VideoViewController.swift */; };
		7EA0A8772A8322F600CD10ED /* VideoTableViewCell.swift in Sources */ = {isa = PBXBuildFile; fileRef = 7EA0A8762A8322F600CD10ED /* VideoTableViewCell.swift */; };
/* End PBXBuildFile section */

/* Begin PBXFileReference section */
		7E7385B82A80965E0010CA32 /* SeSACWeek4.app */ = {isa = PBXFileReference; explicitFileType = wrapper.application; includeInIndex = 0; path = SeSACWeek4.app; sourceTree = BUILT_PRODUCTS_DIR; };
		7E7385BB2A80965E0010CA32 /* AppDelegate.swift */ = {isa = PBXFileReference; lastKnownFileType = sourcecode.swift; path = AppDelegate.swift; sourceTree = "<group>"; };
		7E7385BD2A80965E0010CA32 /* SceneDelegate.swift */ = {isa = PBXFileReference; lastKnownFileType = sourcecode.swift; path = SceneDelegate.swift; sourceTree = "<group>"; };
		7E7385BF2A80965E0010CA32 /* ViewController.swift */ = {isa = PBXFileReference; lastKnownFileType = sourcecode.swift; path = ViewController.swift; sourceTree = "<group>"; };
		7E7385C22A80965E0010CA32 /* Base */ = {isa = PBXFileReference; lastKnownFileType = file.storyboard; name = Base; path = Base.lproj/Main.storyboard; sourceTree = "<group>"; };
		7E7385C42A8096600010CA32 /* Assets.xcassets */ = {isa = PBXFileReference; lastKnownFileType = folder.assetcatalog; path = Assets.xcassets; sourceTree = "<group>"; };
		7E7385C72A8096600010CA32 /* Base */ = {isa = PBXFileReference; lastKnownFileType = file.storyboard; name = Base; path = Base.lproj/LaunchScreen.storyboard; sourceTree = "<group>"; };
		7E7385C92A8096600010CA32 /* Info.plist */ = {isa = PBXFileReference; lastKnownFileType = text.plist.xml; path = Info.plist; sourceTree = "<group>"; };
		7E7385D82A809BA00010CA32 /* .gitignore */ = {isa = PBXFileReference; lastKnownFileType = text; path = .gitignore; sourceTree = "<group>"; };
		7E7385DA2A809C320010CA32 /* TranslationViewController.swift */ = {isa = PBXFileReference; lastKnownFileType = sourcecode.swift; path = TranslationViewController.swift; sourceTree = "<group>"; };
		7E7385DC2A809C560010CA32 /* APIKey.swift */ = {isa = PBXFileReference; lastKnownFileType = sourcecode.swift; path = APIKey.swift; sourceTree = "<group>"; };
		7EA0A8362A81C4D800CD10ED /* WeatherViewController.swift */ = {isa = PBXFileReference; lastKnownFileType = sourcecode.swift; path = WeatherViewController.swift; sourceTree = "<group>"; };
		7EA0A8382A81E78200CD10ED /* VideoViewController.swift */ = {isa = PBXFileReference; lastKnownFileType = sourcecode.swift; path = VideoViewController.swift; sourceTree = "<group>"; };
		7EA0A8762A8322F600CD10ED /* VideoTableViewCell.swift */ = {isa = PBXFileReference; lastKnownFileType = sourcecode.swift; path = VideoTableViewCell.swift; sourceTree = "<group>"; };
/* End PBXFileReference section */

/* Begin PBXFrameworksBuildPhase section */
		7E7385B52A80965E0010CA32 /* Frameworks */ = {
			isa = PBXFrameworksBuildPhase;
			buildActionMask = 2147483647;
			files = (
				7E7385D72A8096C50010CA32 /* Kingfisher in Frameworks */,
				7E7385D42A8096B90010CA32 /* SwiftyJSON in Frameworks */,
				7E7385D12A8096AE0010CA32 /* Alamofire in Frameworks */,
			);
			runOnlyForDeploymentPostprocessing = 0;
		};
/* End PBXFrameworksBuildPhase section */

/* Begin PBXGroup section */
		7E7385AF2A80965E0010CA32 = {
			isa = PBXGroup;
			children = (
				7E7385BA2A80965E0010CA32 /* SeSACWeek4 */,
				7E7385B92A80965E0010CA32 /* Products */,
			);
			sourceTree = "<group>";
		};
		7E7385B92A80965E0010CA32 /* Products */ = {
			isa = PBXGroup;
			children = (
				7E7385B82A80965E0010CA32 /* SeSACWeek4.app */,
			);
			name = Products;
			sourceTree = "<group>";
		};
		7E7385BA2A80965E0010CA32 /* SeSACWeek4 */ = {
			isa = PBXGroup;
			children = (
				7EA0A8752A83134700CD10ED /* Video */,
				7E7385BB2A80965E0010CA32 /* AppDelegate.swift */,
				7E7385BD2A80965E0010CA32 /* SceneDelegate.swift */,
				7E7385BF2A80965E0010CA32 /* ViewController.swift */,
				7E7385C12A80965E0010CA32 /* Main.storyboard */,
				7E7385C42A8096600010CA32 /* Assets.xcassets */,
				7E7385C62A8096600010CA32 /* LaunchScreen.storyboard */,
				7E7385C92A8096600010CA32 /* Info.plist */,
				7E7385D82A809BA00010CA32 /* .gitignore */,
				7E7385DA2A809C320010CA32 /* TranslationViewController.swift */,
				7E7385DC2A809C560010CA32 /* APIKey.swift */,
				7EA0A8362A81C4D800CD10ED /* WeatherViewController.swift */,
			);
			path = SeSACWeek4;
			sourceTree = "<group>";
		};
		7EA0A8752A83134700CD10ED /* Video */ = {
			isa = PBXGroup;
			children = (
				7EA0A8382A81E78200CD10ED /* VideoViewController.swift */,
				7EA0A8762A8322F600CD10ED /* VideoTableViewCell.swift */,
			);
			path = Video;
			sourceTree = "<group>";
		};
/* End PBXGroup section */

/* Begin PBXNativeTarget section */
		7E7385B72A80965E0010CA32 /* SeSACWeek4 */ = {
			isa = PBXNativeTarget;
			buildConfigurationList = 7E7385CC2A8096600010CA32 /* Build configuration list for PBXNativeTarget "SeSACWeek4" */;
			buildPhases = (
				7E7385B42A80965E0010CA32 /* Sources */,
				7E7385B52A80965E0010CA32 /* Frameworks */,
				7E7385B62A80965E0010CA32 /* Resources */,
			);
			buildRules = (
			);
			dependencies = (
			);
			name = SeSACWeek4;
			packageProductDependencies = (
				7E7385D02A8096AE0010CA32 /* Alamofire */,
				7E7385D32A8096B90010CA32 /* SwiftyJSON */,
				7E7385D62A8096C50010CA32 /* Kingfisher */,
			);
			productName = SeSACWeek4;
			productReference = 7E7385B82A80965E0010CA32 /* SeSACWeek4.app */;
			productType = "com.apple.product-type.application";
		};
/* End PBXNativeTarget section */

/* Begin PBXProject section */
		7E7385B02A80965E0010CA32 /* Project object */ = {
			isa = PBXProject;
			attributes = {
				BuildIndependentTargetsInParallel = 1;
				LastSwiftUpdateCheck = 1430;
				LastUpgradeCheck = 1430;
				TargetAttributes = {
					7E7385B72A80965E0010CA32 = {
						CreatedOnToolsVersion = 14.3.1;
					};
				};
			};
			buildConfigurationList = 7E7385B32A80965E0010CA32 /* Build configuration list for PBXProject "SeSACWeek4" */;
			compatibilityVersion = "Xcode 14.0";
			developmentRegion = en;
			hasScannedForEncodings = 0;
			knownRegions = (
				en,
				Base,
			);
			mainGroup = 7E7385AF2A80965E0010CA32;
			packageReferences = (
				7E7385CF2A8096AE0010CA32 /* XCRemoteSwiftPackageReference "Alamofire" */,
				7E7385D22A8096B90010CA32 /* XCRemoteSwiftPackageReference "SwiftyJSON" */,
				7E7385D52A8096C50010CA32 /* XCRemoteSwiftPackageReference "Kingfisher" */,
			);
			productRefGroup = 7E7385B92A80965E0010CA32 /* Products */;
			projectDirPath = "";
			projectRoot = "";
			targets = (
				7E7385B72A80965E0010CA32 /* SeSACWeek4 */,
			);
		};
/* End PBXProject section */

/* Begin PBXResourcesBuildPhase section */
		7E7385B62A80965E0010CA32 /* Resources */ = {
			isa = PBXResourcesBuildPhase;
			buildActionMask = 2147483647;
			files = (
				7E7385D92A809BA00010CA32 /* .gitignore in Resources */,
				7E7385C82A8096600010CA32 /* LaunchScreen.storyboard in Resources */,
				7E7385C52A8096600010CA32 /* Assets.xcassets in Resources */,
				7E7385C32A80965E0010CA32 /* Main.storyboard in Resources */,
			);
			runOnlyForDeploymentPostprocessing = 0;
		};
/* End PBXResourcesBuildPhase section */

/* Begin PBXSourcesBuildPhase section */
		7E7385B42A80965E0010CA32 /* Sources */ = {
			isa = PBXSourcesBuildPhase;
			buildActionMask = 2147483647;
			files = (
				7E7385DB2A809C320010CA32 /* TranslationViewController.swift in Sources */,
				7EA0A8392A81E78200CD10ED /* VideoViewController.swift in Sources */,
				7EA0A8372A81C4D800CD10ED /* WeatherViewController.swift in Sources */,
				7E7385C02A80965E0010CA32 /* ViewController.swift in Sources */,
				7E7385BC2A80965E0010CA32 /* AppDelegate.swift in Sources */,
				7EA0A8772A8322F600CD10ED /* VideoTableViewCell.swift in Sources */,
				7E7385BE2A80965E0010CA32 /* SceneDelegate.swift in Sources */,
				7E7385DD2A809C560010CA32 /* APIKey.swift in Sources */,
			);
			runOnlyForDeploymentPostprocessing = 0;
		};
/* End PBXSourcesBuildPhase section */

/* Begin PBXVariantGroup section */
		7E7385C12A80965E0010CA32 /* Main.storyboard */ = {
			isa = PBXVariantGroup;
			children = (
				7E7385C22A80965E0010CA32 /* Base */,
			);
			name = Main.storyboard;
			sourceTree = "<group>";
		};
		7E7385C62A8096600010CA32 /* LaunchScreen.storyboard */ = {
			isa = PBXVariantGroup;
			children = (
				7E7385C72A8096600010CA32 /* Base */,
			);
			name = LaunchScreen.storyboard;
			sourceTree = "<group>";
		};
/* End PBXVariantGroup section */

/* Begin XCBuildConfiguration section */
		7E7385CA2A8096600010CA32 /* Debug */ = {
			isa = XCBuildConfiguration;
			buildSettings = {
				ALWAYS_SEARCH_USER_PATHS = NO;
				CLANG_ANALYZER_NONNULL = YES;
				CLANG_ANALYZER_NUMBER_OBJECT_CONVERSION = YES_AGGRESSIVE;
				CLANG_CXX_LANGUAGE_STANDARD = "gnu++20";
				CLANG_ENABLE_MODULES = YES;
				CLANG_ENABLE_OBJC_ARC = YES;
				CLANG_ENABLE_OBJC_WEAK = YES;
				CLANG_WARN_BLOCK_CAPTURE_AUTORELEASING = YES;
				CLANG_WARN_BOOL_CONVERSION = YES;
				CLANG_WARN_COMMA = YES;
				CLANG_WARN_CONSTANT_CONVERSION = YES;
				CLANG_WARN_DEPRECATED_OBJC_IMPLEMENTATIONS = YES;
				CLANG_WARN_DIRECT_OBJC_ISA_USAGE = YES_ERROR;
				CLANG_WARN_DOCUMENTATION_COMMENTS = YES;
				CLANG_WARN_EMPTY_BODY = YES;
				CLANG_WARN_ENUM_CONVERSION = YES;
				CLANG_WARN_INFINITE_RECURSION = YES;
				CLANG_WARN_INT_CONVERSION = YES;
				CLANG_WARN_NON_LITERAL_NULL_CONVERSION = YES;
				CLANG_WARN_OBJC_IMPLICIT_RETAIN_SELF = YES;
				CLANG_WARN_OBJC_LITERAL_CONVERSION = YES;
				CLANG_WARN_OBJC_ROOT_CLASS = YES_ERROR;
				CLANG_WARN_QUOTED_INCLUDE_IN_FRAMEWORK_HEADER = YES;
				CLANG_WARN_RANGE_LOOP_ANALYSIS = YES;
				CLANG_WARN_STRICT_PROTOTYPES = YES;
				CLANG_WARN_SUSPICIOUS_MOVE = YES;
				CLANG_WARN_UNGUARDED_AVAILABILITY = YES_AGGRESSIVE;
				CLANG_WARN_UNREACHABLE_CODE = YES;
				CLANG_WARN__DUPLICATE_METHOD_MATCH = YES;
				COPY_PHASE_STRIP = NO;
				DEBUG_INFORMATION_FORMAT = dwarf;
				ENABLE_STRICT_OBJC_MSGSEND = YES;
				ENABLE_TESTABILITY = YES;
				GCC_C_LANGUAGE_STANDARD = gnu11;
				GCC_DYNAMIC_NO_PIC = NO;
				GCC_NO_COMMON_BLOCKS = YES;
				GCC_OPTIMIZATION_LEVEL = 0;
				GCC_PREPROCESSOR_DEFINITIONS = (
					"DEBUG=1",
					"$(inherited)",
				);
				GCC_WARN_64_TO_32_BIT_CONVERSION = YES;
				GCC_WARN_ABOUT_RETURN_TYPE = YES_ERROR;
				GCC_WARN_UNDECLARED_SELECTOR = YES;
				GCC_WARN_UNINITIALIZED_AUTOS = YES_AGGRESSIVE;
				GCC_WARN_UNUSED_FUNCTION = YES;
				GCC_WARN_UNUSED_VARIABLE = YES;
				IPHONEOS_DEPLOYMENT_TARGET = 16.4;
				MTL_ENABLE_DEBUG_INFO = INCLUDE_SOURCE;
				MTL_FAST_MATH = YES;
				ONLY_ACTIVE_ARCH = YES;
				SDKROOT = iphoneos;
				SWIFT_ACTIVE_COMPILATION_CONDITIONS = DEBUG;
				SWIFT_OPTIMIZATION_LEVEL = "-Onone";
			};
			name = Debug;
		};
		7E7385CB2A8096600010CA32 /* Release */ = {
			isa = XCBuildConfiguration;
			buildSettings = {
				ALWAYS_SEARCH_USER_PATHS = NO;
				CLANG_ANALYZER_NONNULL = YES;
				CLANG_ANALYZER_NUMBER_OBJECT_CONVERSION = YES_AGGRESSIVE;
				CLANG_CXX_LANGUAGE_STANDARD = "gnu++20";
				CLANG_ENABLE_MODULES = YES;
				CLANG_ENABLE_OBJC_ARC = YES;
				CLANG_ENABLE_OBJC_WEAK = YES;
				CLANG_WARN_BLOCK_CAPTURE_AUTORELEASING = YES;
				CLANG_WARN_BOOL_CONVERSION = YES;
				CLANG_WARN_COMMA = YES;
				CLANG_WARN_CONSTANT_CONVERSION = YES;
				CLANG_WARN_DEPRECATED_OBJC_IMPLEMENTATIONS = YES;
				CLANG_WARN_DIRECT_OBJC_ISA_USAGE = YES_ERROR;
				CLANG_WARN_DOCUMENTATION_COMMENTS = YES;
				CLANG_WARN_EMPTY_BODY = YES;
				CLANG_WARN_ENUM_CONVERSION = YES;
				CLANG_WARN_INFINITE_RECURSION = YES;
				CLANG_WARN_INT_CONVERSION = YES;
				CLANG_WARN_NON_LITERAL_NULL_CONVERSION = YES;
				CLANG_WARN_OBJC_IMPLICIT_RETAIN_SELF = YES;
				CLANG_WARN_OBJC_LITERAL_CONVERSION = YES;
				CLANG_WARN_OBJC_ROOT_CLASS = YES_ERROR;
				CLANG_WARN_QUOTED_INCLUDE_IN_FRAMEWORK_HEADER = YES;
				CLANG_WARN_RANGE_LOOP_ANALYSIS = YES;
				CLANG_WARN_STRICT_PROTOTYPES = YES;
				CLANG_WARN_SUSPICIOUS_MOVE = YES;
				CLANG_WARN_UNGUARDED_AVAILABILITY = YES_AGGRESSIVE;
				CLANG_WARN_UNREACHABLE_CODE = YES;
				CLANG_WARN__DUPLICATE_METHOD_MATCH = YES;
				COPY_PHASE_STRIP = NO;
				DEBUG_INFORMATION_FORMAT = "dwarf-with-dsym";
				ENABLE_NS_ASSERTIONS = NO;
				ENABLE_STRICT_OBJC_MSGSEND = YES;
				GCC_C_LANGUAGE_STANDARD = gnu11;
				GCC_NO_COMMON_BLOCKS = YES;
				GCC_WARN_64_TO_32_BIT_CONVERSION = YES;
				GCC_WARN_ABOUT_RETURN_TYPE = YES_ERROR;
				GCC_WARN_UNDECLARED_SELECTOR = YES;
				GCC_WARN_UNINITIALIZED_AUTOS = YES_AGGRESSIVE;
				GCC_WARN_UNUSED_FUNCTION = YES;
				GCC_WARN_UNUSED_VARIABLE = YES;
				IPHONEOS_DEPLOYMENT_TARGET = 16.4;
				MTL_ENABLE_DEBUG_INFO = NO;
				MTL_FAST_MATH = YES;
				SDKROOT = iphoneos;
				SWIFT_COMPILATION_MODE = wholemodule;
				SWIFT_OPTIMIZATION_LEVEL = "-O";
				VALIDATE_PRODUCT = YES;
			};
			name = Release;
		};
		7E7385CD2A8096600010CA32 /* Debug */ = {
			isa = XCBuildConfiguration;
			buildSettings = {
				ASSETCATALOG_COMPILER_APPICON_NAME = AppIcon;
				ASSETCATALOG_COMPILER_GLOBAL_ACCENT_COLOR_NAME = AccentColor;
				CODE_SIGN_STYLE = Automatic;
				CURRENT_PROJECT_VERSION = 1;
				GENERATE_INFOPLIST_FILE = YES;
				INFOPLIST_FILE = SeSACWeek4/Info.plist;
				INFOPLIST_KEY_UIApplicationSupportsIndirectInputEvents = YES;
				INFOPLIST_KEY_UILaunchStoryboardName = LaunchScreen;
				INFOPLIST_KEY_UIMainStoryboardFile = Main;
				INFOPLIST_KEY_UISupportedInterfaceOrientations = UIInterfaceOrientationPortrait;
				INFOPLIST_KEY_UISupportedInterfaceOrientations_iPad = "UIInterfaceOrientationLandscapeLeft UIInterfaceOrientationLandscapeRight UIInterfaceOrientationPortrait UIInterfaceOrientationPortraitUpsideDown";
				IPHONEOS_DEPLOYMENT_TARGET = 15.0;
				LD_RUNPATH_SEARCH_PATHS = (
					"$(inherited)",
					"@executable_path/Frameworks",
				);
				MARKETING_VERSION = 1.0;
				PRODUCT_BUNDLE_IDENTIFIER = com.sesacRain.SeSACWeek4;
				PRODUCT_NAME = "$(TARGET_NAME)";
				SUPPORTED_PLATFORMS = "iphoneos iphonesimulator";
				SUPPORTS_MACCATALYST = NO;
				SUPPORTS_MAC_DESIGNED_FOR_IPHONE_IPAD = NO;
				SWIFT_EMIT_LOC_STRINGS = YES;
				SWIFT_VERSION = 5.0;
				TARGETED_DEVICE_FAMILY = 1;
			};
			name = Debug;
		};
		7E7385CE2A8096600010CA32 /* Release */ = {
			isa = XCBuildConfiguration;
			buildSettings = {
				ASSETCATALOG_COMPILER_APPICON_NAME = AppIcon;
				ASSETCATALOG_COMPILER_GLOBAL_ACCENT_COLOR_NAME = AccentColor;
				CODE_SIGN_STYLE = Automatic;
				CURRENT_PROJECT_VERSION = 1;
				GENERATE_INFOPLIST_FILE = YES;
				INFOPLIST_FILE = SeSACWeek4/Info.plist;
				INFOPLIST_KEY_UIApplicationSupportsIndirectInputEvents = YES;
				INFOPLIST_KEY_UILaunchStoryboardName = LaunchScreen;
				INFOPLIST_KEY_UIMainStoryboardFile = Main;
				INFOPLIST_KEY_UISupportedInterfaceOrientations = UIInterfaceOrientationPortrait;
				INFOPLIST_KEY_UISupportedInterfaceOrientations_iPad = "UIInterfaceOrientationLandscapeLeft UIInterfaceOrientationLandscapeRight UIInterfaceOrientationPortrait UIInterfaceOrientationPortraitUpsideDown";
				IPHONEOS_DEPLOYMENT_TARGET = 15.0;
				LD_RUNPATH_SEARCH_PATHS = (
					"$(inherited)",
					"@executable_path/Frameworks",
				);
				MARKETING_VERSION = 1.0;
				PRODUCT_BUNDLE_IDENTIFIER = com.sesacRain.SeSACWeek4;
				PRODUCT_NAME = "$(TARGET_NAME)";
				SUPPORTED_PLATFORMS = "iphoneos iphonesimulator";
				SUPPORTS_MACCATALYST = NO;
				SUPPORTS_MAC_DESIGNED_FOR_IPHONE_IPAD = NO;
				SWIFT_EMIT_LOC_STRINGS = YES;
				SWIFT_VERSION = 5.0;
				TARGETED_DEVICE_FAMILY = 1;
			};
			name = Release;
		};
/* End XCBuildConfiguration section */

/* Begin XCConfigurationList section */
		7E7385B32A80965E0010CA32 /* Build configuration list for PBXProject "SeSACWeek4" */ = {
			isa = XCConfigurationList;
			buildConfigurations = (
				7E7385CA2A8096600010CA32 /* Debug */,
				7E7385CB2A8096600010CA32 /* Release */,
			);
			defaultConfigurationIsVisible = 0;
			defaultConfigurationName = Release;
		};
		7E7385CC2A8096600010CA32 /* Build configuration list for PBXNativeTarget "SeSACWeek4" */ = {
			isa = XCConfigurationList;
			buildConfigurations = (
				7E7385CD2A8096600010CA32 /* Debug */,
				7E7385CE2A8096600010CA32 /* Release */,
			);
			defaultConfigurationIsVisible = 0;
			defaultConfigurationName = Release;
		};
/* End XCConfigurationList section */

/* Begin XCRemoteSwiftPackageReference section */
		7E7385CF2A8096AE0010CA32 /* XCRemoteSwiftPackageReference "Alamofire" */ = {
			isa = XCRemoteSwiftPackageReference;
			repositoryURL = "https://github.com/Alamofire/Alamofire.git";
			requirement = {
				kind = upToNextMajorVersion;
				minimumVersion = 5.0.0;
			};
		};
		7E7385D22A8096B90010CA32 /* XCRemoteSwiftPackageReference "SwiftyJSON" */ = {
			isa = XCRemoteSwiftPackageReference;
			repositoryURL = "https://github.com/SwiftyJSON/SwiftyJSON.git";
			requirement = {
				kind = upToNextMajorVersion;
				minimumVersion = 5.0.0;
			};
		};
		7E7385D52A8096C50010CA32 /* XCRemoteSwiftPackageReference "Kingfisher" */ = {
			isa = XCRemoteSwiftPackageReference;
			repositoryURL = "https://github.com/onevcat/Kingfisher.git";
			requirement = {
				kind = upToNextMajorVersion;
				minimumVersion = 7.0.0;
			};
		};
/* End XCRemoteSwiftPackageReference section */

/* Begin XCSwiftPackageProductDependency section */
		7E7385D02A8096AE0010CA32 /* Alamofire */ = {
			isa = XCSwiftPackageProductDependency;
			package = 7E7385CF2A8096AE0010CA32 /* XCRemoteSwiftPackageReference "Alamofire" */;
			productName = Alamofire;
		};
		7E7385D32A8096B90010CA32 /* SwiftyJSON */ = {
			isa = XCSwiftPackageProductDependency;
			package = 7E7385D22A8096B90010CA32 /* XCRemoteSwiftPackageReference "SwiftyJSON" */;
			productName = SwiftyJSON;
		};
		7E7385D62A8096C50010CA32 /* Kingfisher */ = {
			isa = XCSwiftPackageProductDependency;
			package = 7E7385D52A8096C50010CA32 /* XCRemoteSwiftPackageReference "Kingfisher" */;
			productName = Kingfisher;
		};
/* End XCSwiftPackageProductDependency section */
	};
	rootObject = 7E7385B02A80965E0010CA32 /* Project object */;
}
